{
  "name": "node-nodejs-basics",
  "version": "1.0.0",
  "lockfileVersion": 3,
  "requires": true,
  "packages": {
    "": {
      "name": "node-nodejs-basics",
      "version": "1.0.0",
      "license": "ISC",
      "dependencies": {
        "node-nodejs-basics": "file:"
      },
      "engines": {
        "node": ">=20.0.0"
      }
    },
    "node_modules/node-nodejs-basics": {
      "resolved": "",
      "link": true
    }
  }
}
